Microsoft Visual Studio Solution File, Format Version 12.00
# Visual Studio Version 17
VisualStudioVersion = 17.0.31903.59
MinimumVisualStudioVersion = 10.0.40219.1
Project("{DF00CD78-7052-4788-AB63-295C8B8FECD2}") = "Project_54d5b643957749ed9f418d26b208e4ef_20250601200320430604", "Project_54d5b643957749ed9f418d26b208e4ef_20250601200320430604.csproj", "{DF00CD78-7052-4788-AB63-295C8B8FECD2}"
EndProject
Global
    GlobalSection(SolutionConfigurationPlatforms) = preSolution
        Debug|Any CPU = Debug|Any CPU
        Release|Any CPU = Release|Any CPU
    EndGlobalSection
    GlobalSection(ProjectConfigurationPlatforms) = postSolution
        {DF00CD78-7052-4788-AB63-295C8B8FECD2}.Debug|Any CPU.ActiveCfg = Debug|Any CPU
        {DF00CD78-7052-4788-AB63-295C8B8FECD2}.Debug|Any CPU.Build.0 = Debug|Any CPU
        {DF00CD78-7052-4788-AB63-295C8B8FECD2}.Release|Any CPU.ActiveCfg = Release|Any CPU
        {DF00CD78-7052-4788-AB63-295C8B8FECD2}.Release|Any CPU.Build.0 = Release|Any CPU
    EndGlobalSection
EndGlobal